
Microsoft Visual Studio Solution File, Format Version 12.00
# Visual Studio Version 17
VisualStudioVersion = 17.10.35122.118
MinimumVisualStudioVersion = 10.0.40219.1
Project("{9A19103F-16F7-4668-BE54-9A1E7A4F7556}") = "Acuity.API", "Acuity.API\Acuity.API.csproj", "{3A3F51E5-3164-4EB0-89EE-EA0E554E0903}"
EndProject
Project("{FAE04EC0-301F-11D3-BF4B-00C04F79EFBC}") = "Acuity.Core", "Acuity.Core\Acuity.Core.csproj", "{AD7A55F0-4DD1-4629-B063-F05CF938F3C6}"
EndProject
Project("{FAE04EC0-301F-11D3-BF4B-00C04F79EFBC}") = "Acuity.Migrations", "Acuity.Migrations\Acuity.Migrations.csproj", "{57059AA4-D9AF-4064-984C-B79145CC53CA}"
EndProject
Global
	GlobalSection(SolutionConfigurationPlatforms) = preSolution
		Debug|Any CPU = Debug|Any CPU
		Release|Any CPU = Release|Any CPU
	EndGlobalSection
	GlobalSection(ProjectConfigurationPlatforms) = postSolution
		{3A3F51E5-3164-4EB0-89EE-EA0E554E0903}.Debug|Any CPU.ActiveCfg = Debug|Any CPU
		{3A3F51E5-3164-4EB0-89EE-EA0E554E0903}.Debug|Any CPU.Build.0 = Debug|Any CPU
		{3A3F51E5-3164-4EB0-89EE-EA0E554E0903}.Release|Any CPU.ActiveCfg = Release|Any CPU
		{3A3F51E5-3164-4EB0-89EE-EA0E554E0903}.Release|Any CPU.Build.0 = Release|Any CPU
		{AD7A55F0-4DD1-4629-B063-F05CF938F3C6}.Debug|Any CPU.ActiveCfg = Debug|Any CPU
		{AD7A55F0-4DD1-4629-B063-F05CF938F3C6}.Debug|Any CPU.Build.0 = Debug|Any CPU
		{AD7A55F0-4DD1-4629-B063-F05CF938F3C6}.Release|Any CPU.ActiveCfg = Release|Any CPU
		{AD7A55F0-4DD1-4629-B063-F05CF938F3C6}.Release|Any CPU.Build.0 = Release|Any CPU
		{57059AA4-D9AF-4064-984C-B79145CC53CA}.Debug|Any CPU.ActiveCfg = Debug|Any CPU
		{57059AA4-D9AF-4064-984C-B79145CC53CA}.Debug|Any CPU.Build.0 = Debug|Any CPU
		{57059AA4-D9AF-4064-984C-B79145CC53CA}.Release|Any CPU.ActiveCfg = Release|Any CPU
		{57059AA4-D9AF-4064-984C-B79145CC53CA}.Release|Any CPU.Build.0 = Release|Any CPU
	EndGlobalSection
	GlobalSection(SolutionProperties) = preSolution
		HideSolutionNode = FALSE
	EndGlobalSection
	GlobalSection(ExtensibilityGlobals) = postSolution
		SolutionGuid = {2D7D45E0-DCA3-44E2-A3E1-9CA9EB290C1D}
	EndGlobalSection
EndGlobal
